// !$*UTF8*$!
{
	archiveVersion = 1;
	classes = {
	};
	objectVersion = 56;
	objects = {

/* Begin PBXBuildFile section */
		9B74B3EE2988958C00836A1E /* AppDelegate.swift in Sources */ = {isa = PBXBuildFile; fileRef = 9B74B3ED2988958C00836A1E /* AppDelegate.swift */; };
		9B74B3F02988958C00836A1E /* SceneDelegate.swift in Sources */ = {isa = PBXBuildFile; fileRef = 9B74B3EF2988958C00836A1E /* SceneDelegate.swift */; };
		9B74B3F22988958C00836A1E /* SummaryViewController.swift in Sources */ = {isa = PBXBuildFile; fileRef = 9B74B3F12988958C00836A1E /* SummaryViewController.swift */; };
		9B74B3F52988958C00836A1E /* Main.storyboard in Resources */ = {isa = PBXBuildFile; fileRef = 9B74B3F32988958C00836A1E /* Main.storyboard */; };
		9B74B3F82988958C00836A1E /* FoodTracker.xcdatamodeld in Sources */ = {isa = PBXBuildFile; fileRef = 9B74B3F62988958C00836A1E /* FoodTracker.xcdatamodeld */; };
		9B74B3FA2988958D00836A1E /* Assets.xcassets in Resources */ = {isa = PBXBuildFile; fileRef = 9B74B3F92988958D00836A1E /* Assets.xcassets */; };
		9B74B3FD2988958D00836A1E /* LaunchScreen.storyboard in Resources */ = {isa = PBXBuildFile; fileRef = 9B74B3FB2988958D00836A1E /* LaunchScreen.storyboard */; };
		9B74B4082988958D00836A1E /* FoodTrackerTests.swift in Sources */ = {isa = PBXBuildFile; fileRef = 9B74B4072988958D00836A1E /* FoodTrackerTests.swift */; };
		9B74B4122988958D00836A1E /* FoodTrackerUITests.swift in Sources */ = {isa = PBXBuildFile; fileRef = 9B74B4112988958D00836A1E /* FoodTrackerUITests.swift */; };
		9B74B4142988958D00836A1E /* FoodTrackerUITestsLaunchTests.swift in Sources */ = {isa = PBXBuildFile; fileRef = 9B74B4132988958D00836A1E /* FoodTrackerUITestsLaunchTests.swift */; };
		9B74B425298B0E6900836A1E /* FoodClient.swift in Sources */ = {isa = PBXBuildFile; fileRef = 9B74B424298B0E6900836A1E /* FoodClient.swift */; };
		9B74B429298B143900836A1E /* Nutrition.swift in Sources */ = {isa = PBXBuildFile; fileRef = 9B74B428298B143900836A1E /* Nutrition.swift */; };
		9B74B42E298B2E5100836A1E /* LogBookViewController.swift in Sources */ = {isa = PBXBuildFile; fileRef = 9B74B42D298B2E5100836A1E /* LogBookViewController.swift */; };
		9B74B430298B336700836A1E /* AddNewItemViewController.swift in Sources */ = {isa = PBXBuildFile; fileRef = 9B74B42F298B336700836A1E /* AddNewItemViewController.swift */; };
		9B74B433298C50B800836A1E /* Extensions.swift in Sources */ = {isa = PBXBuildFile; fileRef = 9B74B432298C50B800836A1E /* Extensions.swift */; };
		9B74B44B298CCAD400836A1E /* Charts in Frameworks */ = {isa = PBXBuildFile; productRef = 9B74B44A298CCAD400836A1E /* Charts */; };
		9B74B44D298DC48400836A1E /* Constance.swift in Sources */ = {isa = PBXBuildFile; fileRef = 9B74B44C298DC48400836A1E /* Constance.swift */; };
		9B74B44F298DED9D00836A1E /* LogBookTableViewCell.swift in Sources */ = {isa = PBXBuildFile; fileRef = 9B74B44E298DED9D00836A1E /* LogBookTableViewCell.swift */; };
		9B74B4532992010200836A1E /* NutritionDetailViewController.swift in Sources */ = {isa = PBXBuildFile; fileRef = 9B74B4522992010200836A1E /* NutritionDetailViewController.swift */; };
		9B917AD6299321D500E73794 /* DataController.swift in Sources */ = {isa = PBXBuildFile; fileRef = 9B917AD5299321D500E73794 /* DataController.swift */; };
		9B917AD82993289800E73794 /* SummaryView.swift in Sources */ = {isa = PBXBuildFile; fileRef = 9B917AD72993289800E73794 /* SummaryView.swift */; };
		9B917ADA29932B1800E73794 /* LogBookView.swift in Sources */ = {isa = PBXBuildFile; fileRef = 9B917AD929932B1800E73794 /* LogBookView.swift */; };
		9B917ADC29932BC400E73794 /* AddNewItemView.swift in Sources */ = {isa = PBXBuildFile; fileRef = 9B917ADB29932BC400E73794 /* AddNewItemView.swift */; };
		9B917ADE29932CCA00E73794 /* NutritionDetailView.swift in Sources */ = {isa = PBXBuildFile; fileRef = 9B917ADD29932CCA00E73794 /* NutritionDetailView.swift */; };
/* End PBXBuildFile section */

/* Begin PBXContainerItemProxy section */
		9B74B4042988958D00836A1E /* PBXContainerItemProxy */ = {
			isa = PBXContainerItemProxy;
			containerPortal = 9B74B3E22988958C00836A1E /* Project object */;
			proxyType = 1;
			remoteGlobalIDString = 9B74B3E92988958C00836A1E;
			remoteInfo = FoodTracker;
		};
		9B74B40E2988958D00836A1E /* PBXContainerItemProxy */ = {
			isa = PBXContainerItemProxy;
			containerPortal = 9B74B3E22988958C00836A1E /* Project object */;
			proxyType = 1;
			remoteGlobalIDString = 9B74B3E92988958C00836A1E;
			remoteInfo = FoodTracker;
		};
/* End PBXContainerItemProxy section */

/* Begin PBXFileReference section */
		9B74B3EA2988958C00836A1E /* FoodTracker.app */ = {isa = PBXFileReference; explicitFileType = wrapper.application; includeInIndex = 0; path = FoodTracker.app; sourceTree = BUILT_PRODUCTS_DIR; };
		9B74B3ED2988958C00836A1E /* AppDelegate.swift */ = {isa = PBXFileReference; lastKnownFileType = sourcecode.swift; path = AppDelegate.swift; sourceTree = "<group>"; };
		9B74B3EF2988958C00836A1E /* SceneDelegate.swift */ = {isa = PBXFileReference; lastKnownFileType = sourcecode.swift; path = SceneDelegate.swift; sourceTree = "<group>"; };
		9B74B3F12988958C00836A1E /* SummaryViewController.swift */ = {isa = PBXFileReference; lastKnownFileType = sourcecode.swift; path = SummaryViewController.swift; sourceTree = "<group>"; };
		9B74B3F42988958C00836A1E /* Base */ = {isa = PBXFileReference; lastKnownFileType = file.storyboard; name = Base; path = Base.lproj/Main.storyboard; sourceTree = "<group>"; };
		9B74B3F72988958C00836A1E /* FoodTracker.xcdatamodel */ = {isa = PBXFileReference; lastKnownFileType = wrapper.xcdatamodel; path = FoodTracker.xcdatamodel; sourceTree = "<group>"; };
		9B74B3F92988958D00836A1E /* Assets.xcassets */ = {isa = PBXFileReference; lastKnownFileType = folder.assetcatalog; path = Assets.xcassets; sourceTree = "<group>"; };
		9B74B3FC2988958D00836A1E /* Base */ = {isa = PBXFileReference; lastKnownFileType = file.storyboard; name = Base; path = Base.lproj/LaunchScreen.storyboard; sourceTree = "<group>"; };
		9B74B3FE2988958D00836A1E /* Info.plist */ = {isa = PBXFileReference; lastKnownFileType = text.plist.xml; path = Info.plist; sourceTree = "<group>"; };
		9B74B4032988958D00836A1E /* FoodTrackerTests.xctest */ = {isa = PBXFileReference; explicitFileType = wrapper.cfbundle; includeInIndex = 0; path = FoodTrackerTests.xctest; sourceTree = BUILT_PRODUCTS_DIR; };
		9B74B4072988958D00836A1E /* FoodTrackerTests.swift */ = {isa = PBXFileReference; lastKnownFileType = sourcecode.swift; path = FoodTrackerTests.swift; sourceTree = "<group>"; };
		9B74B40D2988958D00836A1E /* FoodTrackerUITests.xctest */ = {isa = PBXFileReference; explicitFileType = wrapper.cfbundle; includeInIndex = 0; path = FoodTrackerUITests.xctest; sourceTree = BUILT_PRODUCTS_DIR; };
		9B74B4112988958D00836A1E /* FoodTrackerUITests.swift */ = {isa = PBXFileReference; lastKnownFileType = sourcecode.swift; path = FoodTrackerUITests.swift; sourceTree = "<group>"; };
		9B74B4132988958D00836A1E /* FoodTrackerUITestsLaunchTests.swift */ = {isa = PBXFileReference; lastKnownFileType = sourcecode.swift; path = FoodTrackerUITestsLaunchTests.swift; sourceTree = "<group>"; };
		9B74B424298B0E6900836A1E /* FoodClient.swift */ = {isa = PBXFileReference; lastKnownFileType = sourcecode.swift; path = FoodClient.swift; sourceTree = "<group>"; };
		9B74B428298B143900836A1E /* Nutrition.swift */ = {isa = PBXFileReference; lastKnownFileType = sourcecode.swift; path = Nutrition.swift; sourceTree = "<group>"; };
		9B74B42D298B2E5100836A1E /* LogBookViewController.swift */ = {isa = PBXFileReference; lastKnownFileType = sourcecode.swift; path = LogBookViewController.swift; sourceTree = "<group>"; };
		9B74B42F298B336700836A1E /* AddNewItemViewController.swift */ = {isa = PBXFileReference; lastKnownFileType = sourcecode.swift; path = AddNewItemViewController.swift; sourceTree = "<group>"; };
		9B74B432298C50B800836A1E /* Extensions.swift */ = {isa = PBXFileReference; lastKnownFileType = sourcecode.swift; path = Extensions.swift; sourceTree = "<group>"; };
		9B74B44C298DC48400836A1E /* Constance.swift */ = {isa = PBXFileReference; lastKnownFileType = sourcecode.swift; path = Constance.swift; sourceTree = "<group>"; };
		9B74B44E298DED9D00836A1E /* LogBookTableViewCell.swift */ = {isa = PBXFileReference; lastKnownFileType = sourcecode.swift; path = LogBookTableViewCell.swift; sourceTree = "<group>"; };
		9B74B4522992010200836A1E /* NutritionDetailViewController.swift */ = {isa = PBXFileReference; lastKnownFileType = sourcecode.swift; path = NutritionDetailViewController.swift; sourceTree = "<group>"; };
		9B917AD5299321D500E73794 /* DataController.swift */ = {isa = PBXFileReference; lastKnownFileType = sourcecode.swift; path = DataController.swift; sourceTree = "<group>"; };
		9B917AD72993289800E73794 /* SummaryView.swift */ = {isa = PBXFileReference; lastKnownFileType = sourcecode.swift; path = SummaryView.swift; sourceTree = "<group>"; };
		9B917AD929932B1800E73794 /* LogBookView.swift */ = {isa = PBXFileReference; lastKnownFileType = sourcecode.swift; path = LogBookView.swift; sourceTree = "<group>"; };
		9B917ADB29932BC400E73794 /* AddNewItemView.swift */ = {isa = PBXFileReference; lastKnownFileType = sourcecode.swift; path = AddNewItemView.swift; sourceTree = "<group>"; };
		9B917ADD29932CCA00E73794 /* NutritionDetailView.swift */ = {isa = PBXFileReference; lastKnownFileType = sourcecode.swift; path = NutritionDetailView.swift; sourceTree = "<group>"; };
/* End PBXFileReference section */

/* Begin PBXFrameworksBuildPhase section */
		9B74B3E72988958C00836A1E /* Frameworks */ = {
			isa = PBXFrameworksBuildPhase;
			buildActionMask = 2147483647;
			files = (
				9B74B44B298CCAD400836A1E /* Charts in Frameworks */,
			);
			runOnlyForDeploymentPostprocessing = 0;
		};
		9B74B4002988958D00836A1E /* Frameworks */ = {
			isa = PBXFrameworksBuildPhase;
			buildActionMask = 2147483647;
			files = (
			);
			runOnlyForDeploymentPostprocessing = 0;
		};
		9B74B40A2988958D00836A1E /* Frameworks */ = {
			isa = PBXFrameworksBuildPhase;
			buildActionMask = 2147483647;
			files = (
			);
			runOnlyForDeploymentPostprocessing = 0;
		};
/* End PBXFrameworksBuildPhase section */

/* Begin PBXGroup section */
		9B74B3E12988958C00836A1E = {
			isa = PBXGroup;
			children = (
				9B74B3EC2988958C00836A1E /* FoodTracker */,
				9B74B4062988958D00836A1E /* FoodTrackerTests */,
				9B74B4102988958D00836A1E /* FoodTrackerUITests */,
				9B74B3EB2988958C00836A1E /* Products */,
			);
			sourceTree = "<group>";
		};
		9B74B3EB2988958C00836A1E /* Products */ = {
			isa = PBXGroup;
			children = (
				9B74B3EA2988958C00836A1E /* FoodTracker.app */,
				9B74B4032988958D00836A1E /* FoodTrackerTests.xctest */,
				9B74B40D2988958D00836A1E /* FoodTrackerUITests.xctest */,
			);
			name = Products;
			sourceTree = "<group>";
		};
		9B74B3EC2988958C00836A1E /* FoodTracker */ = {
			isa = PBXGroup;
			children = (
				9B74B3ED2988958C00836A1E /* AppDelegate.swift */,
				9B74B3EF2988958C00836A1E /* SceneDelegate.swift */,
				9B74B3F32988958C00836A1E /* Main.storyboard */,
				9B74B3F92988958D00836A1E /* Assets.xcassets */,
				9B74B3FB2988958D00836A1E /* LaunchScreen.storyboard */,
				9B74B3FE2988958D00836A1E /* Info.plist */,
				9B74B431298C50A500836A1E /* Resources */,
				9B74B422298895D700836A1E /* View */,
				9B74B421298895CE00836A1E /* Model */,
				9B74B420298895C000836A1E /* Controller */,
			);
			path = FoodTracker;
			sourceTree = "<group>";
		};
		9B74B4062988958D00836A1E /* FoodTrackerTests */ = {
			isa = PBXGroup;
			children = (
				9B74B4072988958D00836A1E /* FoodTrackerTests.swift */,
			);
			path = FoodTrackerTests;
			sourceTree = "<group>";
		};
		9B74B4102988958D00836A1E /* FoodTrackerUITests */ = {
			isa = PBXGroup;
			children = (
				9B74B4112988958D00836A1E /* FoodTrackerUITests.swift */,
				9B74B4132988958D00836A1E /* FoodTrackerUITestsLaunchTests.swift */,
			);
			path = FoodTrackerUITests;
			sourceTree = "<group>";
		};
		9B74B420298895C000836A1E /* Controller */ = {
			isa = PBXGroup;
			children = (
				9B74B3F12988958C00836A1E /* SummaryViewController.swift */,
				9B74B42D298B2E5100836A1E /* LogBookViewController.swift */,
				9B74B42F298B336700836A1E /* AddNewItemViewController.swift */,
				9B74B44E298DED9D00836A1E /* LogBookTableViewCell.swift */,
				9B74B4522992010200836A1E /* NutritionDetailViewController.swift */,
			);
			path = Controller;
			sourceTree = "<group>";
		};
		9B74B421298895CE00836A1E /* Model */ = {
			isa = PBXGroup;
			children = (
				9B74B42A298B149A00836A1E /* APIResponse */,
				9B74B3F62988958C00836A1E /* FoodTracker.xcdatamodeld */,
				9B74B424298B0E6900836A1E /* FoodClient.swift */,
				9B917AD5299321D500E73794 /* DataController.swift */,
			);
			path = Model;
			sourceTree = "<group>";
		};
		9B74B422298895D700836A1E /* View */ = {
			isa = PBXGroup;
			children = (
				9B74B44C298DC48400836A1E /* Constance.swift */,
				9B917AD72993289800E73794 /* SummaryView.swift */,
				9B917AD929932B1800E73794 /* LogBookView.swift */,
				9B917ADB29932BC400E73794 /* AddNewItemView.swift */,
				9B917ADD29932CCA00E73794 /* NutritionDetailView.swift */,
			);
			path = View;
			sourceTree = "<group>";
		};
		9B74B42A298B149A00836A1E /* APIResponse */ = {
			isa = PBXGroup;
			children = (
				9B74B428298B143900836A1E /* Nutrition.swift */,
			);
			path = APIResponse;
			sourceTree = "<group>";
		};
		9B74B431298C50A500836A1E /* Resources */ = {
			isa = PBXGroup;
			children = (
				9B74B432298C50B800836A1E /* Extensions.swift */,
			);
			path = Resources;
			sourceTree = "<group>";
		};
/* End PBXGroup section */

/* Begin PBXNativeTarget section */
		9B74B3E92988958C00836A1E /* FoodTracker */ = {
			isa = PBXNativeTarget;
			buildConfigurationList = 9B74B4172988958D00836A1E /* Build configuration list for PBXNativeTarget "FoodTracker" */;
			buildPhases = (
				9B74B3E62988958C00836A1E /* Sources */,
				9B74B3E72988958C00836A1E /* Frameworks */,
				9B74B3E82988958C00836A1E /* Resources */,
			);
			buildRules = (
			);
			dependencies = (
			);
			name = FoodTracker;
			packageProductDependencies = (
				9B74B44A298CCAD400836A1E /* Charts */,
			);
			productName = FoodTracker;
			productReference = 9B74B3EA2988958C00836A1E /* FoodTracker.app */;
			productType = "com.apple.product-type.application";
		};
		9B74B4022988958D00836A1E /* FoodTrackerTests */ = {
			isa = PBXNativeTarget;
			buildConfigurationList = 9B74B41A2988958D00836A1E /* Build configuration list for PBXNativeTarget "FoodTrackerTests" */;
			buildPhases = (
				9B74B3FF2988958D00836A1E /* Sources */,
				9B74B4002988958D00836A1E /* Frameworks */,
				9B74B4012988958D00836A1E /* Resources */,
			);
			buildRules = (
			);
			dependencies = (
				9B74B4052988958D00836A1E /* PBXTargetDependency */,
			);
			name = FoodTrackerTests;
			productName = FoodTrackerTests;
			productReference = 9B74B4032988958D00836A1E /* FoodTrackerTests.xctest */;
			productType = "com.apple.product-type.bundle.unit-test";
		};
		9B74B40C2988958D00836A1E /* FoodTrackerUITests */ = {
			isa = PBXNativeTarget;
			buildConfigurationList = 9B74B41D2988958D00836A1E /* Build configuration list for PBXNativeTarget "FoodTrackerUITests" */;
			buildPhases = (
				9B74B4092988958D00836A1E /* Sources */,
				9B74B40A2988958D00836A1E /* Frameworks */,
				9B74B40B2988958D00836A1E /* Resources */,
			);
			buildRules = (
			);
			dependencies = (
				9B74B40F2988958D00836A1E /* PBXTargetDependency */,
			);
			name = FoodTrackerUITests;
			productName = FoodTrackerUITests;
			productReference = 9B74B40D2988958D00836A1E /* FoodTrackerUITests.xctest */;
			productType = "com.apple.product-type.bundle.ui-testing";
		};
/* End PBXNativeTarget section */

/* Begin PBXProject section */
		9B74B3E22988958C00836A1E /* Project object */ = {
			isa = PBXProject;
			attributes = {
				BuildIndependentTargetsInParallel = 1;
				LastSwiftUpdateCheck = 1420;
				LastUpgradeCheck = 1420;
				TargetAttributes = {
					9B74B3E92988958C00836A1E = {
						CreatedOnToolsVersion = 14.2;
					};
					9B74B4022988958D00836A1E = {
						CreatedOnToolsVersion = 14.2;
						TestTargetID = 9B74B3E92988958C00836A1E;
					};
					9B74B40C2988958D00836A1E = {
						CreatedOnToolsVersion = 14.2;
						TestTargetID = 9B74B3E92988958C00836A1E;
					};
				};
			};
			buildConfigurationList = 9B74B3E52988958C00836A1E /* Build configuration list for PBXProject "FoodTracker" */;
			compatibilityVersion = "Xcode 14.0";
			developmentRegion = en;
			hasScannedForEncodings = 0;
			knownRegions = (
				en,
				Base,
			);
			mainGroup = 9B74B3E12988958C00836A1E;
			packageReferences = (
				9B74B449298CCAD400836A1E /* XCRemoteSwiftPackageReference "Charts" */,
			);
			productRefGroup = 9B74B3EB2988958C00836A1E /* Products */;
			projectDirPath = "";
			projectRoot = "";
			targets = (
				9B74B3E92988958C00836A1E /* FoodTracker */,
				9B74B4022988958D00836A1E /* FoodTrackerTests */,
				9B74B40C2988958D00836A1E /* FoodTrackerUITests */,
			);
		};
/* End PBXProject section */

/* Begin PBXResourcesBuildPhase section */
		9B74B3E82988958C00836A1E /* Resources */ = {
			isa = PBXResourcesBuildPhase;
			buildActionMask = 2147483647;
			files = (
				9B74B3FD2988958D00836A1E /* LaunchScreen.storyboard in Resources */,
				9B74B3FA2988958D00836A1E /* Assets.xcassets in Resources */,
				9B74B3F52988958C00836A1E /* Main.storyboard in Resources */,
			);
			runOnlyForDeploymentPostprocessing = 0;
		};
		9B74B4012988958D00836A1E /* Resources */ = {
			isa = PBXResourcesBuildPhase;
			buildActionMask = 2147483647;
			files = (
			);
			runOnlyForDeploymentPostprocessing = 0;
		};
		9B74B40B2988958D00836A1E /* Resources */ = {
			isa = PBXResourcesBuildPhase;
			buildActionMask = 2147483647;
			files = (
			);
			runOnlyForDeploymentPostprocessing = 0;
		};
/* End PBXResourcesBuildPhase section */

/* Begin PBXSourcesBuildPhase section */
		9B74B3E62988958C00836A1E /* Sources */ = {
			isa = PBXSourcesBuildPhase;
			buildActionMask = 2147483647;
			files = (
				9B74B3F82988958C00836A1E /* FoodTracker.xcdatamodeld in Sources */,
				9B917AD82993289800E73794 /* SummaryView.swift in Sources */,
				9B74B433298C50B800836A1E /* Extensions.swift in Sources */,
				9B917ADE29932CCA00E73794 /* NutritionDetailView.swift in Sources */,
				9B74B3F22988958C00836A1E /* SummaryViewController.swift in Sources */,
				9B74B4532992010200836A1E /* NutritionDetailViewController.swift in Sources */,
				9B74B44F298DED9D00836A1E /* LogBookTableViewCell.swift in Sources */,
				9B74B430298B336700836A1E /* AddNewItemViewController.swift in Sources */,
				9B74B42E298B2E5100836A1E /* LogBookViewController.swift in Sources */,
				9B74B429298B143900836A1E /* Nutrition.swift in Sources */,
				9B917ADA29932B1800E73794 /* LogBookView.swift in Sources */,
				9B74B425298B0E6900836A1E /* FoodClient.swift in Sources */,
				9B74B3EE2988958C00836A1E /* AppDelegate.swift in Sources */,
				9B74B44D298DC48400836A1E /* Constance.swift in Sources */,
				9B917ADC29932BC400E73794 /* AddNewItemView.swift in Sources */,
				9B917AD6299321D500E73794 /* DataController.swift in Sources */,
				9B74B3F02988958C00836A1E /* SceneDelegate.swift in Sources */,
			);
			runOnlyForDeploymentPostprocessing = 0;
		};
		9B74B3FF2988958D00836A1E /* Sources */ = {
			isa = PBXSourcesBuildPhase;
			buildActionMask = 2147483647;
			files = (
				9B74B4082988958D00836A1E /* FoodTrackerTests.swift in Sources */,
			);
			runOnlyForDeploymentPostprocessing = 0;
		};
		9B74B4092988958D00836A1E /* Sources */ = {
			isa = PBXSourcesBuildPhase;
			buildActionMask = 2147483647;
			files = (
				9B74B4122988958D00836A1E /* FoodTrackerUITests.swift in Sources */,
				9B74B4142988958D00836A1E /* FoodTrackerUITestsLaunchTests.swift in Sources */,
			);
			runOnlyForDeploymentPostprocessing = 0;
		};
/* End PBXSourcesBuildPhase section */

/* Begin PBXTargetDependency section */
		9B74B4052988958D00836A1E /* PBXTargetDependency */ = {
			isa = PBXTargetDependency;
			target = 9B74B3E92988958C00836A1E /* FoodTracker */;
			targetProxy = 9B74B4042988958D00836A1E /* PBXContainerItemProxy */;
		};
		9B74B40F2988958D00836A1E /* PBXTargetDependency */ = {
			isa = PBXTargetDependency;
			target = 9B74B3E92988958C00836A1E /* FoodTracker */;
			targetProxy = 9B74B40E2988958D00836A1E /* PBXContainerItemProxy */;
		};
/* End PBXTargetDependency section */

/* Begin PBXVariantGroup section */
		9B74B3F32988958C00836A1E /* Main.storyboard */ = {
			isa = PBXVariantGroup;
			children = (
				9B74B3F42988958C00836A1E /* Base */,
			);
			name = Main.storyboard;
			sourceTree = "<group>";
		};
		9B74B3FB2988958D00836A1E /* LaunchScreen.storyboard */ = {
			isa = PBXVariantGroup;
			children = (
				9B74B3FC2988958D00836A1E /* Base */,
			);
			name = LaunchScreen.storyboard;
			sourceTree = "<group>";
		};
/* End PBXVariantGroup section */

/* Begin XCBuildConfiguration section */
		9B74B4152988958D00836A1E /* Debug */ = {
			isa = XCBuildConfiguration;
			buildSettings = {
				ALWAYS_SEARCH_USER_PATHS = NO;
				CLANG_ANALYZER_NONNULL = YES;
				CLANG_ANALYZER_NUMBER_OBJECT_CONVERSION = YES_AGGRESSIVE;
				CLANG_CXX_LANGUAGE_STANDARD = "gnu++20";
				CLANG_ENABLE_MODULES = YES;
				CLANG_ENABLE_OBJC_ARC = YES;
				CLANG_ENABLE_OBJC_WEAK = YES;
				CLANG_WARN_BLOCK_CAPTURE_AUTORELEASING = YES;
				CLANG_WARN_BOOL_CONVERSION = YES;
				CLANG_WARN_COMMA = YES;
				CLANG_WARN_CONSTANT_CONVERSION = YES;
				CLANG_WARN_DEPRECATED_OBJC_IMPLEMENTATIONS = YES;
				CLANG_WARN_DIRECT_OBJC_ISA_USAGE = YES_ERROR;
				CLANG_WARN_DOCUMENTATION_COMMENTS = YES;
				CLANG_WARN_EMPTY_BODY = YES;
				CLANG_WARN_ENUM_CONVERSION = YES;
				CLANG_WARN_INFINITE_RECURSION = YES;
				CLANG_WARN_INT_CONVERSION = YES;
				CLANG_WARN_NON_LITERAL_NULL_CONVERSION = YES;
				CLANG_WARN_OBJC_IMPLICIT_RETAIN_SELF = YES;
				CLANG_WARN_OBJC_LITERAL_CONVERSION = YES;
				CLANG_WARN_OBJC_ROOT_CLASS = YES_ERROR;
				CLANG_WARN_QUOTED_INCLUDE_IN_FRAMEWORK_HEADER = YES;
				CLANG_WARN_RANGE_LOOP_ANALYSIS = YES;
				CLANG_WARN_STRICT_PROTOTYPES = YES;
				CLANG_WARN_SUSPICIOUS_MOVE = YES;
				CLANG_WARN_UNGUARDED_AVAILABILITY = YES_AGGRESSIVE;
				CLANG_WARN_UNREACHABLE_CODE = YES;
				CLANG_WARN__DUPLICATE_METHOD_MATCH = YES;
				COPY_PHASE_STRIP = NO;
				DEBUG_INFORMATION_FORMAT = dwarf;
				ENABLE_STRICT_OBJC_MSGSEND = YES;
				ENABLE_TESTABILITY = YES;
				GCC_C_LANGUAGE_STANDARD = gnu11;
				GCC_DYNAMIC_NO_PIC = NO;
				GCC_NO_COMMON_BLOCKS = YES;
				GCC_OPTIMIZATION_LEVEL = 0;
				GCC_PREPROCESSOR_DEFINITIONS = (
					"DEBUG=1",
					"$(inherited)",
				);
				GCC_WARN_64_TO_32_BIT_CONVERSION = YES;
				GCC_WARN_ABOUT_RETURN_TYPE = YES_ERROR;
				GCC_WARN_UNDECLARED_SELECTOR = YES;
				GCC_WARN_UNINITIALIZED_AUTOS = YES_AGGRESSIVE;
				GCC_WARN_UNUSED_FUNCTION = YES;
				GCC_WARN_UNUSED_VARIABLE = YES;
				IPHONEOS_DEPLOYMENT_TARGET = 16.2;
				MTL_ENABLE_DEBUG_INFO = INCLUDE_SOURCE;
				MTL_FAST_MATH = YES;
				ONLY_ACTIVE_ARCH = YES;
				SDKROOT = iphoneos;
				SWIFT_ACTIVE_COMPILATION_CONDITIONS = DEBUG;
				SWIFT_OPTIMIZATION_LEVEL = "-Onone";
			};
			name = Debug;
		};
		9B74B4162988958D00836A1E /* Release */ = {
			isa = XCBuildConfiguration;
			buildSettings = {
				ALWAYS_SEARCH_USER_PATHS = NO;
				CLANG_ANALYZER_NONNULL = YES;
				CLANG_ANALYZER_NUMBER_OBJECT_CONVERSION = YES_AGGRESSIVE;
				CLANG_CXX_LANGUAGE_STANDARD = "gnu++20";
				CLANG_ENABLE_MODULES = YES;
				CLANG_ENABLE_OBJC_ARC = YES;
				CLANG_ENABLE_OBJC_WEAK = YES;
				CLANG_WARN_BLOCK_CAPTURE_AUTORELEASING = YES;
				CLANG_WARN_BOOL_CONVERSION = YES;
				CLANG_WARN_COMMA = YES;
				CLANG_WARN_CONSTANT_CONVERSION = YES;
				CLANG_WARN_DEPRECATED_OBJC_IMPLEMENTATIONS = YES;
				CLANG_WARN_DIRECT_OBJC_ISA_USAGE = YES_ERROR;
				CLANG_WARN_DOCUMENTATION_COMMENTS = YES;
				CLANG_WARN_EMPTY_BODY = YES;
				CLANG_WARN_ENUM_CONVERSION = YES;
				CLANG_WARN_INFINITE_RECURSION = YES;
				CLANG_WARN_INT_CONVERSION = YES;
				CLANG_WARN_NON_LITERAL_NULL_CONVERSION = YES;
				CLANG_WARN_OBJC_IMPLICIT_RETAIN_SELF = YES;
				CLANG_WARN_OBJC_LITERAL_CONVERSION = YES;
				CLANG_WARN_OBJC_ROOT_CLASS = YES_ERROR;
				CLANG_WARN_QUOTED_INCLUDE_IN_FRAMEWORK_HEADER = YES;
				CLANG_WARN_RANGE_LOOP_ANALYSIS = YES;
				CLANG_WARN_STRICT_PROTOTYPES = YES;
				CLANG_WARN_SUSPICIOUS_MOVE = YES;
				CLANG_WARN_UNGUARDED_AVAILABILITY = YES_AGGRESSIVE;
				CLANG_WARN_UNREACHABLE_CODE = YES;
				CLANG_WARN__DUPLICATE_METHOD_MATCH = YES;
				COPY_PHASE_STRIP = NO;
				DEBUG_INFORMATION_FORMAT = "dwarf-with-dsym";
				ENABLE_NS_ASSERTIONS = NO;
				ENABLE_STRICT_OBJC_MSGSEND = YES;
				GCC_C_LANGUAGE_STANDARD = gnu11;
				GCC_NO_COMMON_BLOCKS = YES;
				GCC_WARN_64_TO_32_BIT_CONVERSION = YES;
				GCC_WARN_ABOUT_RETURN_TYPE = YES_ERROR;
				GCC_WARN_UNDECLARED_SELECTOR = YES;
				GCC_WARN_UNINITIALIZED_AUTOS = YES_AGGRESSIVE;
				GCC_WARN_UNUSED_FUNCTION = YES;
				GCC_WARN_UNUSED_VARIABLE = YES;
				IPHONEOS_DEPLOYMENT_TARGET = 16.2;
				MTL_ENABLE_DEBUG_INFO = NO;
				MTL_FAST_MATH = YES;
				SDKROOT = iphoneos;
				SWIFT_COMPILATION_MODE = wholemodule;
				SWIFT_OPTIMIZATION_LEVEL = "-O";
				VALIDATE_PRODUCT = YES;
			};
			name = Release;
		};
		9B74B4182988958D00836A1E /* Debug */ = {
			isa = XCBuildConfiguration;
			buildSettings = {
				ASSETCATALOG_COMPILER_APPICON_NAME = AppIcon;
				ASSETCATALOG_COMPILER_GLOBAL_ACCENT_COLOR_NAME = AccentColor;
				CODE_SIGN_STYLE = Automatic;
				CURRENT_PROJECT_VERSION = 1;
				DEVELOPMENT_TEAM = Y6C59NL24V;
				GENERATE_INFOPLIST_FILE = YES;
				INFOPLIST_FILE = FoodTracker/Info.plist;
				INFOPLIST_KEY_UIApplicationSupportsIndirectInputEvents = YES;
				INFOPLIST_KEY_UILaunchStoryboardName = LaunchScreen;
				INFOPLIST_KEY_UIMainStoryboardFile = Main;
				INFOPLIST_KEY_UISupportedInterfaceOrientations_iPad = "UIInterfaceOrientationPortrait UIInterfaceOrientationPortraitUpsideDown UIInterfaceOrientationLandscapeLeft UIInterfaceOrientationLandscapeRight";
				INFOPLIST_KEY_UISupportedInterfaceOrientations_iPhone = "UIInterfaceOrientationPortrait UIInterfaceOrientationLandscapeLeft UIInterfaceOrientationLandscapeRight";
				LD_RUNPATH_SEARCH_PATHS = (
					"$(inherited)",
					"@executable_path/Frameworks",
				);
				MARKETING_VERSION = 1.0;
				PRODUCT_BUNDLE_IDENTIFIER = com.jiajial.FoodTracker;
				PRODUCT_NAME = "$(TARGET_NAME)";
				SWIFT_EMIT_LOC_STRINGS = YES;
				SWIFT_VERSION = 5.0;
				TARGETED_DEVICE_FAMILY = "1,2";
			};
			name = Debug;
		};
		9B74B4192988958D00836A1E /* Release */ = {
			isa = XCBuildConfiguration;
			buildSettings = {
				ASSETCATALOG_COMPILER_APPICON_NAME = AppIcon;
				ASSETCATALOG_COMPILER_GLOBAL_ACCENT_COLOR_NAME = AccentColor;
				CODE_SIGN_STYLE = Automatic;
				CURRENT_PROJECT_VERSION = 1;
				DEVELOPMENT_TEAM = Y6C59NL24V;
				GENERATE_INFOPLIST_FILE = YES;
				INFOPLIST_FILE = FoodTracker/Info.plist;
				INFOPLIST_KEY_UIApplicationSupportsIndirectInputEvents = YES;
				INFOPLIST_KEY_UILaunchStoryboardName = LaunchScreen;
				INFOPLIST_KEY_UIMainStoryboardFile = Main;
				INFOPLIST_KEY_UISupportedInterfaceOrientations_iPad = "UIInterfaceOrientationPortrait UIInterfaceOrientationPortraitUpsideDown UIInterfaceOrientationLandscapeLeft UIInterfaceOrientationLandscapeRight";
				INFOPLIST_KEY_UISupportedInterfaceOrientations_iPhone = "UIInterfaceOrientationPortrait UIInterfaceOrientationLandscapeLeft UIInterfaceOrientationLandscapeRight";
				LD_RUNPATH_SEARCH_PATHS = (
					"$(inherited)",
					"@executable_path/Frameworks",
				);
				MARKETING_VERSION = 1.0;
				PRODUCT_BUNDLE_IDENTIFIER = com.jiajial.FoodTracker;
				PRODUCT_NAME = "$(TARGET_NAME)";
				SWIFT_EMIT_LOC_STRINGS = YES;
				SWIFT_VERSION = 5.0;
				TARGETED_DEVICE_FAMILY = "1,2";
			};
			name = Release;
		};
		9B74B41B2988958D00836A1E /* Debug */ = {
			isa = XCBuildConfiguration;
			buildSettings = {
				ALWAYS_EMBED_SWIFT_STANDARD_LIBRARIES = YES;
				BUNDLE_LOADER = "$(TEST_HOST)";
				CODE_SIGN_STYLE = Automatic;
				CURRENT_PROJECT_VERSION = 1;
				DEVELOPMENT_TEAM = Y6C59NL24V;
				GENERATE_INFOPLIST_FILE = YES;
				IPHONEOS_DEPLOYMENT_TARGET = 16.2;
				MARKETING_VERSION = 1.0;
				PRODUCT_BUNDLE_IDENTIFIER = com.jiajial.FoodTrackerTests;
				PRODUCT_NAME = "$(TARGET_NAME)";
				SWIFT_EMIT_LOC_STRINGS = NO;
				SWIFT_VERSION = 5.0;
				TARGETED_DEVICE_FAMILY = "1,2";
				TEST_HOST = "$(BUILT_PRODUCTS_DIR)/FoodTracker.app/$(BUNDLE_EXECUTABLE_FOLDER_PATH)/FoodTracker";
			};
			name = Debug;
		};
		9B74B41C2988958D00836A1E /* Release */ = {
			isa = XCBuildConfiguration;
			buildSettings = {
				ALWAYS_EMBED_SWIFT_STANDARD_LIBRARIES = YES;
				BUNDLE_LOADER = "$(TEST_HOST)";
				CODE_SIGN_STYLE = Automatic;
				CURRENT_PROJECT_VERSION = 1;
				DEVELOPMENT_TEAM = Y6C59NL24V;
				GENERATE_INFOPLIST_FILE = YES;
				IPHONEOS_DEPLOYMENT_TARGET = 16.2;
				MARKETING_VERSION = 1.0;
				PRODUCT_BUNDLE_IDENTIFIER = com.jiajial.FoodTrackerTests;
				PRODUCT_NAME = "$(TARGET_NAME)";
				SWIFT_EMIT_LOC_STRINGS = NO;
				SWIFT_VERSION = 5.0;
				TARGETED_DEVICE_FAMILY = "1,2";
				TEST_HOST = "$(BUILT_PRODUCTS_DIR)/FoodTracker.app/$(BUNDLE_EXECUTABLE_FOLDER_PATH)/FoodTracker";
			};
			name = Release;
		};
		9B74B41E2988958D00836A1E /* Debug */ = {
			isa = XCBuildConfiguration;
			buildSettings = {
				ALWAYS_EMBED_SWIFT_STANDARD_LIBRARIES = YES;
				CODE_SIGN_STYLE = Automatic;
				CURRENT_PROJECT_VERSION = 1;
				DEVELOPMENT_TEAM = Y6C59NL24V;
				GENERATE_INFOPLIST_FILE = YES;
				MARKETING_VERSION = 1.0;
				PRODUCT_BUNDLE_IDENTIFIER = com.jiajial.FoodTrackerUITests;
				PRODUCT_NAME = "$(TARGET_NAME)";
				SWIFT_EMIT_LOC_STRINGS = NO;
				SWIFT_VERSION = 5.0;
				TARGETED_DEVICE_FAMILY = "1,2";
				TEST_TARGET_NAME = FoodTracker;
			};
			name = Debug;
		};
		9B74B41F2988958D00836A1E /* Release */ = {
			isa = XCBuildConfiguration;
			buildSettings = {
				ALWAYS_EMBED_SWIFT_STANDARD_LIBRARIES = YES;
				CODE_SIGN_STYLE = Automatic;
				CURRENT_PROJECT_VERSION = 1;
				DEVELOPMENT_TEAM = Y6C59NL24V;
				GENERATE_INFOPLIST_FILE = YES;
				MARKETING_VERSION = 1.0;
				PRODUCT_BUNDLE_IDENTIFIER = com.jiajial.FoodTrackerUITests;
				PRODUCT_NAME = "$(TARGET_NAME)";
				SWIFT_EMIT_LOC_STRINGS = NO;
				SWIFT_VERSION = 5.0;
				TARGETED_DEVICE_FAMILY = "1,2";
				TEST_TARGET_NAME = FoodTracker;
			};
			name = Release;
		};
/* End XCBuildConfiguration section */

/* Begin XCConfigurationList section */
		9B74B3E52988958C00836A1E /* Build configuration list for PBXProject "FoodTracker" */ = {
			isa = XCConfigurationList;
			buildConfigurations = (
				9B74B4152988958D00836A1E /* Debug */,
				9B74B4162988958D00836A1E /* Release */,
			);
			defaultConfigurationIsVisible = 0;
			defaultConfigurationName = Release;
		};
		9B74B4172988958D00836A1E /* Build configuration list for PBXNativeTarget "FoodTracker" */ = {
			isa = XCConfigurationList;
			buildConfigurations = (
				9B74B4182988958D00836A1E /* Debug */,
				9B74B4192988958D00836A1E /* Release */,
			);
			defaultConfigurationIsVisible = 0;
			defaultConfigurationName = Release;
		};
		9B74B41A2988958D00836A1E /* Build configuration list for PBXNativeTarget "FoodTrackerTests" */ = {
			isa = XCConfigurationList;
			buildConfigurations = (
				9B74B41B2988958D00836A1E /* Debug */,
				9B74B41C2988958D00836A1E /* Release */,
			);
			defaultConfigurationIsVisible = 0;
			defaultConfigurationName = Release;
		};
		9B74B41D2988958D00836A1E /* Build configuration list for PBXNativeTarget "FoodTrackerUITests" */ = {
			isa = XCConfigurationList;
			buildConfigurations = (
				9B74B41E2988958D00836A1E /* Debug */,
				9B74B41F2988958D00836A1E /* Release */,
			);
			defaultConfigurationIsVisible = 0;
			defaultConfigurationName = Release;
		};
/* End XCConfigurationList section */

/* Begin XCRemoteSwiftPackageReference section */
		9B74B449298CCAD400836A1E /* XCRemoteSwiftPackageReference "Charts" */ = {
			isa = XCRemoteSwiftPackageReference;
			repositoryURL = "https://github.com/danielgindi/Charts";
			requirement = {
				kind = exactVersion;
				version = 4.1.0;
			};
		};
/* End XCRemoteSwiftPackageReference section */

/* Begin XCSwiftPackageProductDependency section */
		9B74B44A298CCAD400836A1E /* Charts */ = {
			isa = XCSwiftPackageProductDependency;
			package = 9B74B449298CCAD400836A1E /* XCRemoteSwiftPackageReference "Charts" */;
			productName = Charts;
		};
/* End XCSwiftPackageProductDependency section */

/* Begin XCVersionGroup section */
		9B74B3F62988958C00836A1E /* FoodTracker.xcdatamodeld */ = {
			isa = XCVersionGroup;
			children = (
				9B74B3F72988958C00836A1E /* FoodTracker.xcdatamodel */,
			);
			currentVersion = 9B74B3F72988958C00836A1E /* FoodTracker.xcdatamodel */;
			path = FoodTracker.xcdatamodeld;
			sourceTree = "<group>";
			versionGroupType = wrapper.xcdatamodel;
		};
/* End XCVersionGroup section */
	};
	rootObject = 9B74B3E22988958C00836A1E /* Project object */;
}
